
Microsoft Visual Studio Solution File, Format Version 12.00
# Visual Studio Version 17
VisualStudioVersion = 17.11.35327.3
MinimumVisualStudioVersion = 10.0.40219.1
Project("{9A19103F-16F7-4668-BE54-9A1E7A4F7556}") = "Stage0", "Stage0\Stage0.csproj", "{675AACD1-2A70-46BE-9D9D-7ADB25DD2C51}"
EndProject
Project("{2150E333-8FDC-42A3-9474-1A3956D46DE8}") = "Solution Items", "Solution Items", "{A1B91A2B-83EE-438A-9C1F-64BFB1F75B37}"
	ProjectSection(SolutionItems) = preProject
		README.md = README.md
	EndProjectSection
EndProject
Project("{9A19103F-16F7-4668-BE54-9A1E7A4F7556}") = "DalFacade", "DalFacade\DalFacade.csproj", "{256ADC5C-B1FC-44EF-9215-EFB1EAAE56CE}"
EndProject
Project("{9A19103F-16F7-4668-BE54-9A1E7A4F7556}") = "DalList", "DalList\DalList.csproj", "{1C241404-DA00-4E7B-AC24-D1A8F58BD3CF}"
EndProject
Project("{9A19103F-16F7-4668-BE54-9A1E7A4F7556}") = "DalTest", "DalTest\DalTest.csproj", "{699C18E9-9A55-4529-8F29-D34932606423}"
EndProject
Project("{9A19103F-16F7-4668-BE54-9A1E7A4F7556}") = "DalXml", "DalXml\DalXml.csproj", "{E3FC3330-1DBB-4F2E-9525-7ADA0D12AD9D}"
EndProject
Project("{2150E333-8FDC-42A3-9474-1A3956D46DE8}") = "xml", "xml", "{D6889CAE-0B88-4859-B925-178E6EFC42F0}"
	ProjectSection(SolutionItems) = preProject
		xml\assignments.xml = xml\assignments.xml
		xml\calls.xml = xml\calls.xml
		xml\dal-config.xml = xml\dal-config.xml
		xml\data-config.xml = xml\data-config.xml
		xml\volunteers.xml = xml\volunteers.xml
	EndProjectSection
EndProject
Project("{9A19103F-16F7-4668-BE54-9A1E7A4F7556}") = "BL", "BL\BL.csproj", "{3F9F515F-E845-455C-9C60-99337F69EACC}"
EndProject
Project("{9A19103F-16F7-4668-BE54-9A1E7A4F7556}") = "BlTest", "BlTest\BlTest.csproj", "{6315FC7E-94C9-4C7C-9BE3-30E3F22BEEC2}"
EndProject
Project("{9A19103F-16F7-4668-BE54-9A1E7A4F7556}") = "PL", "PL\PL.csproj", "{470A4DE4-2830-4B74-9ADE-E13CB9F25F2D}"
EndProject
Global
	GlobalSection(SolutionConfigurationPlatforms) = preSolution
		Debug|Any CPU = Debug|Any CPU
		Release|Any CPU = Release|Any CPU
	EndGlobalSection
	GlobalSection(ProjectConfigurationPlatforms) = postSolution
		{675AACD1-2A70-46BE-9D9D-7ADB25DD2C51}.Debug|Any CPU.ActiveCfg = Debug|Any CPU
		{675AACD1-2A70-46BE-9D9D-7ADB25DD2C51}.Debug|Any CPU.Build.0 = Debug|Any CPU
		{675AACD1-2A70-46BE-9D9D-7ADB25DD2C51}.Release|Any CPU.ActiveCfg = Release|Any CPU
		{675AACD1-2A70-46BE-9D9D-7ADB25DD2C51}.Release|Any CPU.Build.0 = Release|Any CPU
		{256ADC5C-B1FC-44EF-9215-EFB1EAAE56CE}.Debug|Any CPU.ActiveCfg = Debug|Any CPU
		{256ADC5C-B1FC-44EF-9215-EFB1EAAE56CE}.Debug|Any CPU.Build.0 = Debug|Any CPU
		{256ADC5C-B1FC-44EF-9215-EFB1EAAE56CE}.Release|Any CPU.ActiveCfg = Release|Any CPU
		{256ADC5C-B1FC-44EF-9215-EFB1EAAE56CE}.Release|Any CPU.Build.0 = Release|Any CPU
		{1C241404-DA00-4E7B-AC24-D1A8F58BD3CF}.Debug|Any CPU.ActiveCfg = Debug|Any CPU
		{1C241404-DA00-4E7B-AC24-D1A8F58BD3CF}.Debug|Any CPU.Build.0 = Debug|Any CPU
		{1C241404-DA00-4E7B-AC24-D1A8F58BD3CF}.Release|Any CPU.ActiveCfg = Release|Any CPU
		{1C241404-DA00-4E7B-AC24-D1A8F58BD3CF}.Release|Any CPU.Build.0 = Release|Any CPU
		{699C18E9-9A55-4529-8F29-D34932606423}.Debug|Any CPU.ActiveCfg = Debug|Any CPU
		{699C18E9-9A55-4529-8F29-D34932606423}.Debug|Any CPU.Build.0 = Debug|Any CPU
		{699C18E9-9A55-4529-8F29-D34932606423}.Release|Any CPU.ActiveCfg = Release|Any CPU
		{699C18E9-9A55-4529-8F29-D34932606423}.Release|Any CPU.Build.0 = Release|Any CPU
		{E3FC3330-1DBB-4F2E-9525-7ADA0D12AD9D}.Debug|Any CPU.ActiveCfg = Debug|Any CPU
		{E3FC3330-1DBB-4F2E-9525-7ADA0D12AD9D}.Debug|Any CPU.Build.0 = Debug|Any CPU
		{E3FC3330-1DBB-4F2E-9525-7ADA0D12AD9D}.Release|Any CPU.ActiveCfg = Release|Any CPU
		{E3FC3330-1DBB-4F2E-9525-7ADA0D12AD9D}.Release|Any CPU.Build.0 = Release|Any CPU
		{3F9F515F-E845-455C-9C60-99337F69EACC}.Debug|Any CPU.ActiveCfg = Debug|Any CPU
		{3F9F515F-E845-455C-9C60-99337F69EACC}.Debug|Any CPU.Build.0 = Debug|Any CPU
		{3F9F515F-E845-455C-9C60-99337F69EACC}.Release|Any CPU.ActiveCfg = Release|Any CPU
		{3F9F515F-E845-455C-9C60-99337F69EACC}.Release|Any CPU.Build.0 = Release|Any CPU
		{6315FC7E-94C9-4C7C-9BE3-30E3F22BEEC2}.Debug|Any CPU.ActiveCfg = Debug|Any CPU
		{6315FC7E-94C9-4C7C-9BE3-30E3F22BEEC2}.Debug|Any CPU.Build.0 = Debug|Any CPU
		{6315FC7E-94C9-4C7C-9BE3-30E3F22BEEC2}.Release|Any CPU.ActiveCfg = Release|Any CPU
		{6315FC7E-94C9-4C7C-9BE3-30E3F22BEEC2}.Release|Any CPU.Build.0 = Release|Any CPU
		{470A4DE4-2830-4B74-9ADE-E13CB9F25F2D}.Debug|Any CPU.ActiveCfg = Debug|Any CPU
		{470A4DE4-2830-4B74-9ADE-E13CB9F25F2D}.Debug|Any CPU.Build.0 = Debug|Any CPU
		{470A4DE4-2830-4B74-9ADE-E13CB9F25F2D}.Release|Any CPU.ActiveCfg = Release|Any CPU
		{470A4DE4-2830-4B74-9ADE-E13CB9F25F2D}.Release|Any CPU.Build.0 = Release|Any CPU
	EndGlobalSection
	GlobalSection(SolutionProperties) = preSolution
		HideSolutionNode = FALSE
	EndGlobalSection
	GlobalSection(ExtensibilityGlobals) = postSolution
		SolutionGuid = {4F3AF71E-5AD4-4686-B756-CEDBC55F471C}
	EndGlobalSection
EndGlobal
